// !$*UTF8*$!
{
	archiveVersion = 1;
	classes = {
	};
	objectVersion = 50;
	objects = {

/* Begin PBXBuildFile section */
		2FB54F48218D7C5F004D79D1 /* AppDelegate.swift in Sources */ = {isa = PBXBuildFile; fileRef = 2FB54F47218D7C5F004D79D1 /* AppDelegate.swift */; };
		2FB54F4A218D7C5F004D79D1 /* ViewController.swift in Sources */ = {isa = PBXBuildFile; fileRef = 2FB54F49218D7C5F004D79D1 /* ViewController.swift */; };
		2FB54F4D218D7C5F004D79D1 /* Main.storyboard in Resources */ = {isa = PBXBuildFile; fileRef = 2FB54F4B218D7C5F004D79D1 /* Main.storyboard */; };
		2FB54F50218D7C5F004D79D1 /* CalHackMicRecognition.xcdatamodeld in Sources */ = {isa = PBXBuildFile; fileRef = 2FB54F4E218D7C5F004D79D1 /* CalHackMicRecognition.xcdatamodeld */; };
		2FB54F52218D7C62004D79D1 /* Assets.xcassets in Resources */ = {isa = PBXBuildFile; fileRef = 2FB54F51218D7C62004D79D1 /* Assets.xcassets */; };
		2FB54F55218D7C62004D79D1 /* LaunchScreen.storyboard in Resources */ = {isa = PBXBuildFile; fileRef = 2FB54F53218D7C62004D79D1 /* LaunchScreen.storyboard */; };
		2FB54F60218D7C62004D79D1 /* CalHackMicRecognitionTests.swift in Sources */ = {isa = PBXBuildFile; fileRef = 2FB54F5F218D7C62004D79D1 /* CalHackMicRecognitionTests.swift */; };
		2FB54F6B218D7C62004D79D1 /* CalHackMicRecognitionUITests.swift in Sources */ = {isa = PBXBuildFile; fileRef = 2FB54F6A218D7C62004D79D1 /* CalHackMicRecognitionUITests.swift */; };
/* End PBXBuildFile section */

/* Begin PBXContainerItemProxy section */
		2FB54F5C218D7C62004D79D1 /* PBXContainerItemProxy */ = {
			isa = PBXContainerItemProxy;
			containerPortal = 2FB54F3C218D7C5F004D79D1 /* Project object */;
			proxyType = 1;
			remoteGlobalIDString = 2FB54F43218D7C5F004D79D1;
			remoteInfo = CalHackMicRecognition;
		};
		2FB54F67218D7C62004D79D1 /* PBXContainerItemProxy */ = {
			isa = PBXContainerItemProxy;
			containerPortal = 2FB54F3C218D7C5F004D79D1 /* Project object */;
			proxyType = 1;
			remoteGlobalIDString = 2FB54F43218D7C5F004D79D1;
			remoteInfo = CalHackMicRecognition;
		};
/* End PBXContainerItemProxy section */

/* Begin PBXFileReference section */
		2FB54F44218D7C5F004D79D1 /* CalHackMicRecognition.app */ = {isa = PBXFileReference; explicitFileType = wrapper.application; includeInIndex = 0; path = CalHackMicRecognition.app; sourceTree = BUILT_PRODUCTS_DIR; };
		2FB54F47218D7C5F004D79D1 /* AppDelegate.swift */ = {isa = PBXFileReference; lastKnownFileType = sourcecode.swift; path = AppDelegate.swift; sourceTree = "<group>"; };
		2FB54F49218D7C5F004D79D1 /* ViewController.swift */ = {isa = PBXFileReference; lastKnownFileType = sourcecode.swift; path = ViewController.swift; sourceTree = "<group>"; };
		2FB54F4C218D7C5F004D79D1 /* Base */ = {isa = PBXFileReference; lastKnownFileType = file.storyboard; name = Base; path = Base.lproj/Main.storyboard; sourceTree = "<group>"; };
		2FB54F4F218D7C5F004D79D1 /* CalHackMicRecognition.xcdatamodel */ = {isa = PBXFileReference; lastKnownFileType = wrapper.xcdatamodel; path = CalHackMicRecognition.xcdatamodel; sourceTree = "<group>"; };
		2FB54F51218D7C62004D79D1 /* Assets.xcassets */ = {isa = PBXFileReference; lastKnownFileType = folder.assetcatalog; path = Assets.xcassets; sourceTree = "<group>"; };
		2FB54F54218D7C62004D79D1 /* Base */ = {isa = PBXFileReference; lastKnownFileType = file.storyboard; name = Base; path = Base.lproj/LaunchScreen.storyboard; sourceTree = "<group>"; };
		2FB54F56218D7C62004D79D1 /* Info.plist */ = {isa = PBXFileReference; lastKnownFileType = text.plist.xml; path = Info.plist; sourceTree = "<group>"; };
		2FB54F5B218D7C62004D79D1 /* CalHackMicRecognitionTests.xctest */ = {isa = PBXFileReference; explicitFileType = wrapper.cfbundle; includeInIndex = 0; path = CalHackMicRecognitionTests.xctest; sourceTree = BUILT_PRODUCTS_DIR; };
		2FB54F5F218D7C62004D79D1 /* CalHackMicRecognitionTests.swift */ = {isa = PBXFileReference; lastKnownFileType = sourcecode.swift; path = CalHackMicRecognitionTests.swift; sourceTree = "<group>"; };
		2FB54F61218D7C62004D79D1 /* Info.plist */ = {isa = PBXFileReference; lastKnownFileType = text.plist.xml; path = Info.plist; sourceTree = "<group>"; };
		2FB54F66218D7C62004D79D1 /* CalHackMicRecognitionUITests.xctest */ = {isa = PBXFileReference; explicitFileType = wrapper.cfbundle; includeInIndex = 0; path = CalHackMicRecognitionUITests.xctest; sourceTree = BUILT_PRODUCTS_DIR; };
		2FB54F6A218D7C62004D79D1 /* CalHackMicRecognitionUITests.swift */ = {isa = PBXFileReference; lastKnownFileType = sourcecode.swift; path = CalHackMicRecognitionUITests.swift; sourceTree = "<group>"; };
		2FB54F6C218D7C62004D79D1 /* Info.plist */ = {isa = PBXFileReference; lastKnownFileType = text.plist.xml; path = Info.plist; sourceTree = "<group>"; };
/* End PBXFileReference section */

/* Begin PBXFrameworksBuildPhase section */
		2FB54F41218D7C5F004D79D1 /* Frameworks */ = {
			isa = PBXFrameworksBuildPhase;
			buildActionMask = 2147483647;
			files = (
			);
			runOnlyForDeploymentPostprocessing = 0;
		};
		2FB54F58218D7C62004D79D1 /* Frameworks */ = {
			isa = PBXFrameworksBuildPhase;
			buildActionMask = 2147483647;
			files = (
			);
			runOnlyForDeploymentPostprocessing = 0;
		};
		2FB54F63218D7C62004D79D1 /* Frameworks */ = {
			isa = PBXFrameworksBuildPhase;
			buildActionMask = 2147483647;
			files = (
			);
			runOnlyForDeploymentPostprocessing = 0;
		};
/* End PBXFrameworksBuildPhase section */

/* Begin PBXGroup section */
		2FB54F3B218D7C5F004D79D1 = {
			isa = PBXGroup;
			children = (
				2FB54F46218D7C5F004D79D1 /* CalHackMicRecognition */,
				2FB54F5E218D7C62004D79D1 /* CalHackMicRecognitionTests */,
				2FB54F69218D7C62004D79D1 /* CalHackMicRecognitionUITests */,
				2FB54F45218D7C5F004D79D1 /* Products */,
			);
			sourceTree = "<group>";
		};
		2FB54F45218D7C5F004D79D1 /* Products */ = {
			isa = PBXGroup;
			children = (
				2FB54F44218D7C5F004D79D1 /* CalHackMicRecognition.app */,
				2FB54F5B218D7C62004D79D1 /* CalHackMicRecognitionTests.xctest */,
				2FB54F66218D7C62004D79D1 /* CalHackMicRecognitionUITests.xctest */,
			);
			name = Products;
			sourceTree = "<group>";
		};
		2FB54F46218D7C5F004D79D1 /* CalHackMicRecognition */ = {
			isa = PBXGroup;
			children = (
				2FB54F47218D7C5F004D79D1 /* AppDelegate.swift */,
				2FB54F49218D7C5F004D79D1 /* ViewController.swift */,
				2FB54F4B218D7C5F004D79D1 /* Main.storyboard */,
				2FB54F51218D7C62004D79D1 /* Assets.xcassets */,
				2FB54F53218D7C62004D79D1 /* LaunchScreen.storyboard */,
				2FB54F56218D7C62004D79D1 /* Info.plist */,
				2FB54F4E218D7C5F004D79D1 /* CalHackMicRecognition.xcdatamodeld */,
			);
			path = CalHackMicRecognition;
			sourceTree = "<group>";
		};
		2FB54F5E218D7C62004D79D1 /* CalHackMicRecognitionTests */ = {
			isa = PBXGroup;
			children = (
				2FB54F5F218D7C62004D79D1 /* CalHackMicRecognitionTests.swift */,
				2FB54F61218D7C62004D79D1 /* Info.plist */,
			);
			path = CalHackMicRecognitionTests;
			sourceTree = "<group>";
		};
		2FB54F69218D7C62004D79D1 /* CalHackMicRecognitionUITests */ = {
			isa = PBXGroup;
			children = (
				2FB54F6A218D7C62004D79D1 /* CalHackMicRecognitionUITests.swift */,
				2FB54F6C218D7C62004D79D1 /* Info.plist */,
			);
			path = CalHackMicRecognitionUITests;
			sourceTree = "<group>";
		};
/* End PBXGroup section */

/* Begin PBXNativeTarget section */
		2FB54F43218D7C5F004D79D1 /* CalHackMicRecognition */ = {
			isa = PBXNativeTarget;
			buildConfigurationList = 2FB54F6F218D7C62004D79D1 /* Build configuration list for PBXNativeTarget "CalHackMicRecognition" */;
			buildPhases = (
				2FB54F40218D7C5F004D79D1 /* Sources */,
				2FB54F41218D7C5F004D79D1 /* Frameworks */,
				2FB54F42218D7C5F004D79D1 /* Resources */,
			);
			buildRules = (
			);
			dependencies = (
			);
			name = CalHackMicRecognition;
			productName = CalHackMicRecognition;
			productReference = 2FB54F44218D7C5F004D79D1 /* CalHackMicRecognition.app */;
			productType = "com.apple.product-type.application";
		};
		2FB54F5A218D7C62004D79D1 /* CalHackMicRecognitionTests */ = {
			isa = PBXNativeTarget;
			buildConfigurationList = 2FB54F72218D7C62004D79D1 /* Build configuration list for PBXNativeTarget "CalHackMicRecognitionTests" */;
			buildPhases = (
				2FB54F57218D7C62004D79D1 /* Sources */,
				2FB54F58218D7C62004D79D1 /* Frameworks */,
				2FB54F59218D7C62004D79D1 /* Resources */,
			);
			buildRules = (
			);
			dependencies = (
				2FB54F5D218D7C62004D79D1 /* PBXTargetDependency */,
			);
			name = CalHackMicRecognitionTests;
			productName = CalHackMicRecognitionTests;
			productReference = 2FB54F5B218D7C62004D79D1 /* CalHackMicRecognitionTests.xctest */;
			productType = "com.apple.product-type.bundle.unit-test";
		};
		2FB54F65218D7C62004D79D1 /* CalHackMicRecognitionUITests */ = {
			isa = PBXNativeTarget;
			buildConfigurationList = 2FB54F75218D7C62004D79D1 /* Build configuration list for PBXNativeTarget "CalHackMicRecognitionUITests" */;
			buildPhases = (
				2FB54F62218D7C62004D79D1 /* Sources */,
				2FB54F63218D7C62004D79D1 /* Frameworks */,
				2FB54F64218D7C62004D79D1 /* Resources */,
			);
			buildRules = (
			);
			dependencies = (
				2FB54F68218D7C62004D79D1 /* PBXTargetDependency */,
			);
			name = CalHackMicRecognitionUITests;
			productName = CalHackMicRecognitionUITests;
			productReference = 2FB54F66218D7C62004D79D1 /* CalHackMicRecognitionUITests.xctest */;
			productType = "com.apple.product-type.bundle.ui-testing";
		};
/* End PBXNativeTarget section */

/* Begin PBXProject section */
		2FB54F3C218D7C5F004D79D1 /* Project object */ = {
			isa = PBXProject;
			attributes = {
				LastSwiftUpdateCheck = 1010;
				LastUpgradeCheck = 1010;
				ORGANIZATIONNAME = "Jack Feng";
				TargetAttributes = {
					2FB54F43218D7C5F004D79D1 = {
						CreatedOnToolsVersion = 10.1;
					};
					2FB54F5A218D7C62004D79D1 = {
						CreatedOnToolsVersion = 10.1;
						TestTargetID = 2FB54F43218D7C5F004D79D1;
					};
					2FB54F65218D7C62004D79D1 = {
						CreatedOnToolsVersion = 10.1;
						TestTargetID = 2FB54F43218D7C5F004D79D1;
					};
				};
			};
			buildConfigurationList = 2FB54F3F218D7C5F004D79D1 /* Build configuration list for PBXProject "CalHackMicRecognition" */;
			compatibilityVersion = "Xcode 9.3";
			developmentRegion = en;
			hasScannedForEncodings = 0;
			knownRegions = (
				en,
				Base,
			);
			mainGroup = 2FB54F3B218D7C5F004D79D1;
			productRefGroup = 2FB54F45218D7C5F004D79D1 /* Products */;
			projectDirPath = "";
			projectRoot = "";
			targets = (
				2FB54F43218D7C5F004D79D1 /* CalHackMicRecognition */,
				2FB54F5A218D7C62004D79D1 /* CalHackMicRecognitionTests */,
				2FB54F65218D7C62004D79D1 /* CalHackMicRecognitionUITests */,
			);
		};
/* End PBXProject section */

/* Begin PBXResourcesBuildPhase section */
		2FB54F42218D7C5F004D79D1 /* Resources */ = {
			isa = PBXResourcesBuildPhase;
			buildActionMask = 2147483647;
			files = (
				2FB54F55218D7C62004D79D1 /* LaunchScreen.storyboard in Resources */,
				2FB54F52218D7C62004D79D1 /* Assets.xcassets in Resources */,
				2FB54F4D218D7C5F004D79D1 /* Main.storyboard in Resources */,
			);
			runOnlyForDeploymentPostprocessing = 0;
		};
		2FB54F59218D7C62004D79D1 /* Resources */ = {
			isa = PBXResourcesBuildPhase;
			buildActionMask = 2147483647;
			files = (
			);
			runOnlyForDeploymentPostprocessing = 0;
		};
		2FB54F64218D7C62004D79D1 /* Resources */ = {
			isa = PBXResourcesBuildPhase;
			buildActionMask = 2147483647;
			files = (
			);
			runOnlyForDeploymentPostprocessing = 0;
		};
/* End PBXResourcesBuildPhase section */

/* Begin PBXSourcesBuildPhase section */
		2FB54F40218D7C5F004D79D1 /* Sources */ = {
			isa = PBXSourcesBuildPhase;
			buildActionMask = 2147483647;
			files = (
				2FB54F4A218D7C5F004D79D1 /* ViewController.swift in Sources */,
				2FB54F50218D7C5F004D79D1 /* CalHackMicRecognition.xcdatamodeld in Sources */,
				2FB54F48218D7C5F004D79D1 /* AppDelegate.swift in Sources */,
			);
			runOnlyForDeploymentPostprocessing = 0;
		};
		2FB54F57218D7C62004D79D1 /* Sources */ = {
			isa = PBXSourcesBuildPhase;
			buildActionMask = 2147483647;
			files = (
				2FB54F60218D7C62004D79D1 /* CalHackMicRecognitionTests.swift in Sources */,
			);
			runOnlyForDeploymentPostprocessing = 0;
		};
		2FB54F62218D7C62004D79D1 /* Sources */ = {
			isa = PBXSourcesBuildPhase;
			buildActionMask = 2147483647;
			files = (
				2FB54F6B218D7C62004D79D1 /* CalHackMicRecognitionUITests.swift in Sources */,
			);
			runOnlyForDeploymentPostprocessing = 0;
		};
/* End PBXSourcesBuildPhase section */

/* Begin PBXTargetDependency section */
		2FB54F5D218D7C62004D79D1 /* PBXTargetDependency */ = {
			isa = PBXTargetDependency;
			target = 2FB54F43218D7C5F004D79D1 /* CalHackMicRecognition */;
			targetProxy = 2FB54F5C218D7C62004D79D1 /* PBXContainerItemProxy */;
		};
		2FB54F68218D7C62004D79D1 /* PBXTargetDependency */ = {
			isa = PBXTargetDependency;
			target = 2FB54F43218D7C5F004D79D1 /* CalHackMicRecognition */;
			targetProxy = 2FB54F67218D7C62004D79D1 /* PBXContainerItemProxy */;
		};
/* End PBXTargetDependency section */

/* Begin PBXVariantGroup section */
		2FB54F4B218D7C5F004D79D1 /* Main.storyboard */ = {
			isa = PBXVariantGroup;
			children = (
				2FB54F4C218D7C5F004D79D1 /* Base */,
			);
			name = Main.storyboard;
			sourceTree = "<group>";
		};
		2FB54F53218D7C62004D79D1 /* LaunchScreen.storyboard */ = {
			isa = PBXVariantGroup;
			children = (
				2FB54F54218D7C62004D79D1 /* Base */,
			);
			name = LaunchScreen.storyboard;
			sourceTree = "<group>";
		};
/* End PBXVariantGroup section */

/* Begin XCBuildConfiguration section */
		2FB54F6D218D7C62004D79D1 /* Debug */ = {
			isa = XCBuildConfiguration;
			buildSettings = {
				ALWAYS_SEARCH_USER_PATHS = NO;
				CLANG_ANALYZER_NONNULL = YES;
				CLANG_ANALYZER_NUMBER_OBJECT_CONVERSION = YES_AGGRESSIVE;
				CLANG_CXX_LANGUAGE_STANDARD = "gnu++14";
				CLANG_CXX_LIBRARY = "libc++";
				CLANG_ENABLE_MODULES = YES;
				CLANG_ENABLE_OBJC_ARC = YES;
				CLANG_ENABLE_OBJC_WEAK = YES;
				CLANG_WARN_BLOCK_CAPTURE_AUTORELEASING = YES;
				CLANG_WARN_BOOL_CONVERSION = YES;
				CLANG_WARN_COMMA = YES;
				CLANG_WARN_CONSTANT_CONVERSION = YES;
				CLANG_WARN_DEPRECATED_OBJC_IMPLEMENTATIONS = YES;
				CLANG_WARN_DIRECT_OBJC_ISA_USAGE = YES_ERROR;
				CLANG_WARN_DOCUMENTATION_COMMENTS = YES;
				CLANG_WARN_EMPTY_BODY = YES;
				CLANG_WARN_ENUM_CONVERSION = YES;
				CLANG_WARN_INFINITE_RECURSION = YES;
				CLANG_WARN_INT_CONVERSION = YES;
				CLANG_WARN_NON_LITERAL_NULL_CONVERSION = YES;
				CLANG_WARN_OBJC_IMPLICIT_RETAIN_SELF = YES;
				CLANG_WARN_OBJC_LITERAL_CONVERSION = YES;
				CLANG_WARN_OBJC_ROOT_CLASS = YES_ERROR;
				CLANG_WARN_RANGE_LOOP_ANALYSIS = YES;
				CLANG_WARN_STRICT_PROTOTYPES = YES;
				CLANG_WARN_SUSPICIOUS_MOVE = YES;
				CLANG_WARN_UNGUARDED_AVAILABILITY = YES_AGGRESSIVE;
				CLANG_WARN_UNREACHABLE_CODE = YES;
				CLANG_WARN__DUPLICATE_METHOD_MATCH = YES;
				CODE_SIGN_IDENTITY = "iPhone Developer";
				COPY_PHASE_STRIP = NO;
				DEBUG_INFORMATION_FORMAT = dwarf;
				ENABLE_STRICT_OBJC_MSGSEND = YES;
				ENABLE_TESTABILITY = YES;
				GCC_C_LANGUAGE_STANDARD = gnu11;
				GCC_DYNAMIC_NO_PIC = NO;
				GCC_NO_COMMON_BLOCKS = YES;
				GCC_OPTIMIZATION_LEVEL = 0;
				GCC_PREPROCESSOR_DEFINITIONS = (
					"DEBUG=1",
					"$(inherited)",
				);
				GCC_WARN_64_TO_32_BIT_CONVERSION = YES;
				GCC_WARN_ABOUT_RETURN_TYPE = YES_ERROR;
				GCC_WARN_UNDECLARED_SELECTOR = YES;
				GCC_WARN_UNINITIALIZED_AUTOS = YES_AGGRESSIVE;
				GCC_WARN_UNUSED_FUNCTION = YES;
				GCC_WARN_UNUSED_VARIABLE = YES;
				IPHONEOS_DEPLOYMENT_TARGET = 12.1;
				MTL_ENABLE_DEBUG_INFO = INCLUDE_SOURCE;
				MTL_FAST_MATH = YES;
				ONLY_ACTIVE_ARCH = YES;
				SDKROOT = iphoneos;
				SWIFT_ACTIVE_COMPILATION_CONDITIONS = DEBUG;
				SWIFT_OPTIMIZATION_LEVEL = "-Onone";
			};
			name = Debug;
		};
		2FB54F6E218D7C62004D79D1 /* Release */ = {
			isa = XCBuildConfiguration;
			buildSettings = {
				ALWAYS_SEARCH_USER_PATHS = NO;
				CLANG_ANALYZER_NONNULL = YES;
				CLANG_ANALYZER_NUMBER_OBJECT_CONVERSION = YES_AGGRESSIVE;
				CLANG_CXX_LANGUAGE_STANDARD = "gnu++14";
				CLANG_CXX_LIBRARY = "libc++";
				CLANG_ENABLE_MODULES = YES;
				CLANG_ENABLE_OBJC_ARC = YES;
				CLANG_ENABLE_OBJC_WEAK = YES;
				CLANG_WARN_BLOCK_CAPTURE_AUTORELEASING = YES;
				CLANG_WARN_BOOL_CONVERSION = YES;
				CLANG_WARN_COMMA = YES;
				CLANG_WARN_CONSTANT_CONVERSION = YES;
				CLANG_WARN_DEPRECATED_OBJC_IMPLEMENTATIONS = YES;
				CLANG_WARN_DIRECT_OBJC_ISA_USAGE = YES_ERROR;
				CLANG_WARN_DOCUMENTATION_COMMENTS = YES;
				CLANG_WARN_EMPTY_BODY = YES;
				CLANG_WARN_ENUM_CONVERSION = YES;
				CLANG_WARN_INFINITE_RECURSION = YES;
				CLANG_WARN_INT_CONVERSION = YES;
				CLANG_WARN_NON_LITERAL_NULL_CONVERSION = YES;
				CLANG_WARN_OBJC_IMPLICIT_RETAIN_SELF = YES;
				CLANG_WARN_OBJC_LITERAL_CONVERSION = YES;
				CLANG_WARN_OBJC_ROOT_CLASS = YES_ERROR;
				CLANG_WARN_RANGE_LOOP_ANALYSIS = YES;
				CLANG_WARN_STRICT_PROTOTYPES = YES;
				CLANG_WARN_SUSPICIOUS_MOVE = YES;
				CLANG_WARN_UNGUARDED_AVAILABILITY = YES_AGGRESSIVE;
				CLANG_WARN_UNREACHABLE_CODE = YES;
				CLANG_WARN__DUPLICATE_METHOD_MATCH = YES;
				CODE_SIGN_IDENTITY = "iPhone Developer";
				COPY_PHASE_STRIP = NO;
				DEBUG_INFORMATION_FORMAT = "dwarf-with-dsym";
				ENABLE_NS_ASSERTIONS = NO;
				ENABLE_STRICT_OBJC_MSGSEND = YES;
				GCC_C_LANGUAGE_STANDARD = gnu11;
				GCC_NO_COMMON_BLOCKS = YES;
				GCC_WARN_64_TO_32_BIT_CONVERSION = YES;
				GCC_WARN_ABOUT_RETURN_TYPE = YES_ERROR;
				GCC_WARN_UNDECLARED_SELECTOR = YES;
				GCC_WARN_UNINITIALIZED_AUTOS = YES_AGGRESSIVE;
				GCC_WARN_UNUSED_FUNCTION = YES;
				GCC_WARN_UNUSED_VARIABLE = YES;
				IPHONEOS_DEPLOYMENT_TARGET = 12.1;
				MTL_ENABLE_DEBUG_INFO = NO;
				MTL_FAST_MATH = YES;
				SDKROOT = iphoneos;
				SWIFT_COMPILATION_MODE = wholemodule;
				SWIFT_OPTIMIZATION_LEVEL = "-O";
				VALIDATE_PRODUCT = YES;
			};
			name = Release;
		};
		2FB54F70218D7C62004D79D1 /* Debug */ = {
			isa = XCBuildConfiguration;
			buildSettings = {
				ASSETCATALOG_COMPILER_APPICON_NAME = AppIcon;
				CODE_SIGN_STYLE = Automatic;
				DEVELOPMENT_TEAM = 982J8753SC;
				INFOPLIST_FILE = CalHackMicRecognition/Info.plist;
				LD_RUNPATH_SEARCH_PATHS = (
					"$(inherited)",
					"@executable_path/Frameworks",
				);
				PRODUCT_BUNDLE_IDENTIFIER = com.qixuanfeng.CalHackMicRecognition;
				PRODUCT_NAME = "$(TARGET_NAME)";
				SWIFT_VERSION = 4.2;
				TARGETED_DEVICE_FAMILY = "1,2";
			};
			name = Debug;
		};
		2FB54F71218D7C62004D79D1 /* Release */ = {
			isa = XCBuildConfiguration;
			buildSettings = {
				ASSETCATALOG_COMPILER_APPICON_NAME = AppIcon;
				CODE_SIGN_STYLE = Automatic;
				DEVELOPMENT_TEAM = 982J8753SC;
				INFOPLIST_FILE = CalHackMicRecognition/Info.plist;
				LD_RUNPATH_SEARCH_PATHS = (
					"$(inherited)",
					"@executable_path/Frameworks",
				);
				PRODUCT_BUNDLE_IDENTIFIER = com.qixuanfeng.CalHackMicRecognition;
				PRODUCT_NAME = "$(TARGET_NAME)";
				SWIFT_VERSION = 4.2;
				TARGETED_DEVICE_FAMILY = "1,2";
			};
			name = Release;
		};
		2FB54F73218D7C62004D79D1 /* Debug */ = {
			isa = XCBuildConfiguration;
			buildSettings = {
				ALWAYS_EMBED_SWIFT_STANDARD_LIBRARIES = YES;
				BUNDLE_LOADER = "$(TEST_HOST)";
				CODE_SIGN_STYLE = Automatic;
				DEVELOPMENT_TEAM = 982J8753SC;
				INFOPLIST_FILE = CalHackMicRecognitionTests/Info.plist;
				LD_RUNPATH_SEARCH_PATHS = (
					"$(inherited)",
					"@executable_path/Frameworks",
					"@loader_path/Frameworks",
				);
				PRODUCT_BUNDLE_IDENTIFIER = com.qixuanfeng.CalHackMicRecognitionTests;
				PRODUCT_NAME = "$(TARGET_NAME)";
				SWIFT_VERSION = 4.2;
				TARGETED_DEVICE_FAMILY = "1,2";
				TEST_HOST = "$(BUILT_PRODUCTS_DIR)/CalHackMicRecognition.app/CalHackMicRecognition";
			};
			name = Debug;
		};
		2FB54F74218D7C62004D79D1 /* Release */ = {
			isa = XCBuildConfiguration;
			buildSettings = {
				ALWAYS_EMBED_SWIFT_STANDARD_LIBRARIES = YES;
				BUNDLE_LOADER = "$(TEST_HOST)";
				CODE_SIGN_STYLE = Automatic;
				DEVELOPMENT_TEAM = 982J8753SC;
				INFOPLIST_FILE = CalHackMicRecognitionTests/Info.plist;
				LD_RUNPATH_SEARCH_PATHS = (
					"$(inherited)",
					"@executable_path/Frameworks",
					"@loader_path/Frameworks",
				);
				PRODUCT_BUNDLE_IDENTIFIER = com.qixuanfeng.CalHackMicRecognitionTests;
				PRODUCT_NAME = "$(TARGET_NAME)";
				SWIFT_VERSION = 4.2;
				TARGETED_DEVICE_FAMILY = "1,2";
				TEST_HOST = "$(BUILT_PRODUCTS_DIR)/CalHackMicRecognition.app/CalHackMicRecognition";
			};
			name = Release;
		};
		2FB54F76218D7C62004D79D1 /* Debug */ = {
			isa = XCBuildConfiguration;
			buildSettings = {
				ALWAYS_EMBED_SWIFT_STANDARD_LIBRARIES = YES;
				CODE_SIGN_STYLE = Automatic;
				DEVELOPMENT_TEAM = 982J8753SC;
				INFOPLIST_FILE = CalHackMicRecognitionUITests/Info.plist;
				LD_RUNPATH_SEARCH_PATHS = (
					"$(inherited)",
					"@executable_path/Frameworks",
					"@loader_path/Frameworks",
				);
				PRODUCT_BUNDLE_IDENTIFIER = com.qixuanfeng.CalHackMicRecognitionUITests;
				PRODUCT_NAME = "$(TARGET_NAME)";
				SWIFT_VERSION = 4.2;
				TARGETED_DEVICE_FAMILY = "1,2";
				TEST_TARGET_NAME = CalHackMicRecognition;
			};
			name = Debug;
		};
		2FB54F77218D7C62004D79D1 /* Release */ = {
			isa = XCBuildConfiguration;
			buildSettings = {
				ALWAYS_EMBED_SWIFT_STANDARD_LIBRARIES = YES;
				CODE_SIGN_STYLE = Automatic;
				DEVELOPMENT_TEAM = 982J8753SC;
				INFOPLIST_FILE = CalHackMicRecognitionUITests/Info.plist;
				LD_RUNPATH_SEARCH_PATHS = (
					"$(inherited)",
					"@executable_path/Frameworks",
					"@loader_path/Frameworks",
				);
				PRODUCT_BUNDLE_IDENTIFIER = com.qixuanfeng.CalHackMicRecognitionUITests;
				PRODUCT_NAME = "$(TARGET_NAME)";
				SWIFT_VERSION = 4.2;
				TARGETED_DEVICE_FAMILY = "1,2";
				TEST_TARGET_NAME = CalHackMicRecognition;
			};
			name = Release;
		};
/* End XCBuildConfiguration section */

/* Begin XCConfigurationList section */
		2FB54F3F218D7C5F004D79D1 /* Build configuration list for PBXProject "CalHackMicRecognition" */ = {
			isa = XCConfigurationList;
			buildConfigurations = (
				2FB54F6D218D7C62004D79D1 /* Debug */,
				2FB54F6E218D7C62004D79D1 /* Release */,
			);
			defaultConfigurationIsVisible = 0;
			defaultConfigurationName = Release;
		};
		2FB54F6F218D7C62004D79D1 /* Build configuration list for PBXNativeTarget "CalHackMicRecognition" */ = {
			isa = XCConfigurationList;
			buildConfigurations = (
				2FB54F70218D7C62004D79D1 /* Debug */,
				2FB54F71218D7C62004D79D1 /* Release */,
			);
			defaultConfigurationIsVisible = 0;
			defaultConfigurationName = Release;
		};
		2FB54F72218D7C62004D79D1 /* Build configuration list for PBXNativeTarget "CalHackMicRecognitionTests" */ = {
			isa = XCConfigurationList;
			buildConfigurations = (
				2FB54F73218D7C62004D79D1 /* Debug */,
				2FB54F74218D7C62004D79D1 /* Release */,
			);
			defaultConfigurationIsVisible = 0;
			defaultConfigurationName = Release;
		};
		2FB54F75218D7C62004D79D1 /* Build configuration list for PBXNativeTarget "CalHackMicRecognitionUITests" */ = {
			isa = XCConfigurationList;
			buildConfigurations = (
				2FB54F76218D7C62004D79D1 /* Debug */,
				2FB54F77218D7C62004D79D1 /* Release */,
			);
			defaultConfigurationIsVisible = 0;
			defaultConfigurationName = Release;
		};
/* End XCConfigurationList section */

/* Begin XCVersionGroup section */
		2FB54F4E218D7C5F004D79D1 /* CalHackMicRecognition.xcdatamodeld */ = {
			isa = XCVersionGroup;
			children = (
				2FB54F4F218D7C5F004D79D1 /* CalHackMicRecognition.xcdatamodel */,
			);
			currentVersion = 2FB54F4F218D7C5F004D79D1 /* CalHackMicRecognition.xcdatamodel */;
			path = CalHackMicRecognition.xcdatamodeld;
			sourceTree = "<group>";
			versionGroupType = wrapper.xcdatamodel;
		};
/* End XCVersionGroup section */
	};
	rootObject = 2FB54F3C218D7C5F004D79D1 /* Project object */;
}
